PODS:
  - Alamofire (4.8.1)
  - FoldingCell (4.0.2)
  - SwiftyJSON (4.2.0)

DEPENDENCIES:
  - Alamofire
  - FoldingCell
  - SwiftyJSON

SPEC REPOS:
  https://github.com/cocoapods/specs.git:
    - Alamofire
    - FoldingCell
    - SwiftyJSON

SPEC CHECKSUMS:
  Alamofire: 16ce2c353fb72865124ddae8a57c5942388f4f11
  FoldingCell: 352f0211a53f957b885a1b37d5ffa875da90bca5
  SwiftyJSON: c4bcba26dd9ec7a027fc8eade48e2c911f229e96

PODFILE CHECKSUM: b7a9675db6e8cfe7b612609618906c6e6ed87966

COCOAPODS: 1.5.3
